
Microsoft Visual Studio Solution File, Format Version 12.00
Project("{FAE04EC0-301F-11D3-BF4B-00C04F79EFBC}") = "MyFourApp", "MyFourApp\MyFourApp.csproj", "{E8DB6759-3C8E-43FA-97A6-1737C148A7D1}"
EndProject
Global
	GlobalSection(SolutionConfigurationPlatforms) = preSolution
		Debug|Any CPU = Debug|Any CPU
		Release|Any CPU = Release|Any CPU
	EndGlobalSection
	GlobalSection(ProjectConfigurationPlatforms) = postSolution
		{E8DB6759-3C8E-43FA-97A6-1737C148A7D1}.Debug|Any CPU.ActiveCfg = Debug|Any CPU
		{E8DB6759-3C8E-43FA-97A6-1737C148A7D1}.Debug|Any CPU.Build.0 = Debug|Any CPU
		{E8DB6759-3C8E-43FA-97A6-1737C148A7D1}.Release|Any CPU.ActiveCfg = Release|Any CPU
		{E8DB6759-3C8E-43FA-97A6-1737C148A7D1}.Release|Any CPU.Build.0 = Release|Any CPU
	EndGlobalSection
EndGlobal
